
Microsoft Visual Studio Solution File, Format Version 12.00
# Visual Studio Version 17
VisualStudioVersion = 17.8.34525.116
MinimumVisualStudioVersion = 10.0.40219.1
Project("{2150E333-8FDC-42A3-9474-1A3956D46DE8}") = "src", "src", "{252D3974-15CC-434F-BF0F-760A9E785F3A}"
EndProject
Project("{2150E333-8FDC-42A3-9474-1A3956D46DE8}") = "tests", "tests", "{54202CFA-B998-4DC5-BDFE-2D2E8EB199D0}"
EndProject
Project("{2150E333-8FDC-42A3-9474-1A3956D46DE8}") = "Backend", "Backend", "{C52F2E4D-0B48-4BB2-B745-F6F66025EDDD}"
EndProject
Project("{2150E333-8FDC-42A3-9474-1A3956D46DE8}") = "Shared", "Shared", "{5B36679F-BBEA-4390-B240-C24F7DBD4B28}"
EndProject
Project("{FAE04EC0-301F-11D3-BF4B-00C04F79EFBC}") = "RecipeCookbook.Comunication", "src\Shared\RecipeCookbook.Comunication\RecipeCookbook.Comunication.csproj", "{47A7E781-1245-427E-BE02-16A643CB4337}"
EndProject
Project("{FAE04EC0-301F-11D3-BF4B-00C04F79EFBC}") = "RecipeCookbook.Exceptions", "src\Shared\RecipeCookbook.Exceptions\RecipeCookbook.Exceptions.csproj", "{24B3425F-74B3-49F4-AC4C-7AD60E7A0AC8}"
EndProject
Project("{FAE04EC0-301F-11D3-BF4B-00C04F79EFBC}") = "RecipeCookbook.Application", "src\Backend\RecipeCookbook.Application\RecipeCookbook.Application.csproj", "{F95869D6-7182-456F-AB83-3326FCF0CA69}"
EndProject
Project("{FAE04EC0-301F-11D3-BF4B-00C04F79EFBC}") = "RecipeCookbook.Domain", "src\Backend\RecipeCookbook.Domain\RecipeCookbook.Domain.csproj", "{DC263BA4-6916-4429-A3C8-732FC7F39D28}"
EndProject
Project("{FAE04EC0-301F-11D3-BF4B-00C04F79EFBC}") = "RecipeCookbook.Infrastructure", "src\Backend\RecipeCookbook.Infrastructure\RecipeCookbook.Infrastructure.csproj", "{B1F50B31-E75F-4CFD-8A25-0F92958D2C6B}"
EndProject
Project("{FAE04EC0-301F-11D3-BF4B-00C04F79EFBC}") = "RecipeCookbook.API", "src\Backend\RecipeCookbook.API\RecipeCookbook.API.csproj", "{CE719EAE-A4B0-4A3C-940D-89C3EFB90782}"
EndProject
Project("{FAE04EC0-301F-11D3-BF4B-00C04F79EFBC}") = "Validators.Test", "tests\Validators.Test\Validators.Test.csproj", "{18C5FAEC-9FCD-47E3-A146-754B9AC9BEA5}"
EndProject
Project("{FAE04EC0-301F-11D3-BF4B-00C04F79EFBC}") = "UseCases.Test", "tests\UseCases.Test\UseCases.Test.csproj", "{232214E1-3C37-4616-B4EE-369105C55579}"
EndProject
Project("{FAE04EC0-301F-11D3-BF4B-00C04F79EFBC}") = "WebApi.Test", "tests\WebApi.Test\WebApi.Test.csproj", "{15619C69-2B87-43FE-8BC6-C5CB7CCE01F3}"
EndProject
Global
	GlobalSection(SolutionConfigurationPlatforms) = preSolution
		Debug|Any CPU = Debug|Any CPU
		Release|Any CPU = Release|Any CPU
	EndGlobalSection
	GlobalSection(ProjectConfigurationPlatforms) = postSolution
		{47A7E781-1245-427E-BE02-16A643CB4337}.Debug|Any CPU.ActiveCfg = Debug|Any CPU
		{47A7E781-1245-427E-BE02-16A643CB4337}.Debug|Any CPU.Build.0 = Debug|Any CPU
		{47A7E781-1245-427E-BE02-16A643CB4337}.Release|Any CPU.ActiveCfg = Release|Any CPU
		{47A7E781-1245-427E-BE02-16A643CB4337}.Release|Any CPU.Build.0 = Release|Any CPU
		{24B3425F-74B3-49F4-AC4C-7AD60E7A0AC8}.Debug|Any CPU.ActiveCfg = Debug|Any CPU
		{24B3425F-74B3-49F4-AC4C-7AD60E7A0AC8}.Debug|Any CPU.Build.0 = Debug|Any CPU
		{24B3425F-74B3-49F4-AC4C-7AD60E7A0AC8}.Release|Any CPU.ActiveCfg = Release|Any CPU
		{24B3425F-74B3-49F4-AC4C-7AD60E7A0AC8}.Release|Any CPU.Build.0 = Release|Any CPU
		{F95869D6-7182-456F-AB83-3326FCF0CA69}.Debug|Any CPU.ActiveCfg = Debug|Any CPU
		{F95869D6-7182-456F-AB83-3326FCF0CA69}.Debug|Any CPU.Build.0 = Debug|Any CPU
		{F95869D6-7182-456F-AB83-3326FCF0CA69}.Release|Any CPU.ActiveCfg = Release|Any CPU
		{F95869D6-7182-456F-AB83-3326FCF0CA69}.Release|Any CPU.Build.0 = Release|Any CPU
		{DC263BA4-6916-4429-A3C8-732FC7F39D28}.Debug|Any CPU.ActiveCfg = Debug|Any CPU
		{DC263BA4-6916-4429-A3C8-732FC7F39D28}.Debug|Any CPU.Build.0 = Debug|Any CPU
		{DC263BA4-6916-4429-A3C8-732FC7F39D28}.Release|Any CPU.ActiveCfg = Release|Any CPU
		{DC263BA4-6916-4429-A3C8-732FC7F39D28}.Release|Any CPU.Build.0 = Release|Any CPU
		{B1F50B31-E75F-4CFD-8A25-0F92958D2C6B}.Debug|Any CPU.ActiveCfg = Debug|Any CPU
		{B1F50B31-E75F-4CFD-8A25-0F92958D2C6B}.Debug|Any CPU.Build.0 = Debug|Any CPU
		{B1F50B31-E75F-4CFD-8A25-0F92958D2C6B}.Release|Any CPU.ActiveCfg = Release|Any CPU
		{B1F50B31-E75F-4CFD-8A25-0F92958D2C6B}.Release|Any CPU.Build.0 = Release|Any CPU
		{CE719EAE-A4B0-4A3C-940D-89C3EFB90782}.Debug|Any CPU.ActiveCfg = Debug|Any CPU
		{CE719EAE-A4B0-4A3C-940D-89C3EFB90782}.Debug|Any CPU.Build.0 = Debug|Any CPU
		{CE719EAE-A4B0-4A3C-940D-89C3EFB90782}.Release|Any CPU.ActiveCfg = Release|Any CPU
		{CE719EAE-A4B0-4A3C-940D-89C3EFB90782}.Release|Any CPU.Build.0 = Release|Any CPU
		{18C5FAEC-9FCD-47E3-A146-754B9AC9BEA5}.Debug|Any CPU.ActiveCfg = Debug|Any CPU
		{18C5FAEC-9FCD-47E3-A146-754B9AC9BEA5}.Debug|Any CPU.Build.0 = Debug|Any CPU
		{18C5FAEC-9FCD-47E3-A146-754B9AC9BEA5}.Release|Any CPU.ActiveCfg = Release|Any CPU
		{18C5FAEC-9FCD-47E3-A146-754B9AC9BEA5}.Release|Any CPU.Build.0 = Release|Any CPU
		{232214E1-3C37-4616-B4EE-369105C55579}.Debug|Any CPU.ActiveCfg = Debug|Any CPU
		{232214E1-3C37-4616-B4EE-369105C55579}.Debug|Any CPU.Build.0 = Debug|Any CPU
		{232214E1-3C37-4616-B4EE-369105C55579}.Release|Any CPU.ActiveCfg = Release|Any CPU
		{232214E1-3C37-4616-B4EE-369105C55579}.Release|Any CPU.Build.0 = Release|Any CPU
		{15619C69-2B87-43FE-8BC6-C5CB7CCE01F3}.Debug|Any CPU.ActiveCfg = Debug|Any CPU
		{15619C69-2B87-43FE-8BC6-C5CB7CCE01F3}.Debug|Any CPU.Build.0 = Debug|Any CPU
		{15619C69-2B87-43FE-8BC6-C5CB7CCE01F3}.Release|Any CPU.ActiveCfg = Release|Any CPU
		{15619C69-2B87-43FE-8BC6-C5CB7CCE01F3}.Release|Any CPU.Build.0 = Release|Any CPU
	EndGlobalSection
	GlobalSection(SolutionProperties) = preSolution
		HideSolutionNode = FALSE
	EndGlobalSection
	GlobalSection(NestedProjects) = preSolution
		{C52F2E4D-0B48-4BB2-B745-F6F66025EDDD} = {252D3974-15CC-434F-BF0F-760A9E785F3A}
		{5B36679F-BBEA-4390-B240-C24F7DBD4B28} = {252D3974-15CC-434F-BF0F-760A9E785F3A}
		{47A7E781-1245-427E-BE02-16A643CB4337} = {5B36679F-BBEA-4390-B240-C24F7DBD4B28}
		{24B3425F-74B3-49F4-AC4C-7AD60E7A0AC8} = {5B36679F-BBEA-4390-B240-C24F7DBD4B28}
		{F95869D6-7182-456F-AB83-3326FCF0CA69} = {C52F2E4D-0B48-4BB2-B745-F6F66025EDDD}
		{DC263BA4-6916-4429-A3C8-732FC7F39D28} = {C52F2E4D-0B48-4BB2-B745-F6F66025EDDD}
		{B1F50B31-E75F-4CFD-8A25-0F92958D2C6B} = {C52F2E4D-0B48-4BB2-B745-F6F66025EDDD}
		{CE719EAE-A4B0-4A3C-940D-89C3EFB90782} = {C52F2E4D-0B48-4BB2-B745-F6F66025EDDD}
		{18C5FAEC-9FCD-47E3-A146-754B9AC9BEA5} = {54202CFA-B998-4DC5-BDFE-2D2E8EB199D0}
		{232214E1-3C37-4616-B4EE-369105C55579} = {54202CFA-B998-4DC5-BDFE-2D2E8EB199D0}
		{15619C69-2B87-43FE-8BC6-C5CB7CCE01F3} = {54202CFA-B998-4DC5-BDFE-2D2E8EB199D0}
	EndGlobalSection
	GlobalSection(ExtensibilityGlobals) = postSolution
		SolutionGuid = {C8817A14-FCEA-4F7F-9286-CD41D3631C3D}
	EndGlobalSection
EndGlobal
